
Microsoft Visual Studio Solution File, Format Version 12.00
# Visual Studio Version 17
VisualStudioVersion = 17.14.36127.28 d17.14
MinimumVisualStudioVersion = 10.0.40219.1
Project("{FAE04EC0-301F-11D3-BF4B-00C04F79EFBC}") = "GroqTest", "GroqTest\GroqTest.csproj", "{824B1C79-BD19-4C8F-950A-ECF7BE6BC082}"
EndProject
Global
	GlobalSection(SolutionConfigurationPlatforms) = preSolution
		Debug|Any CPU = Debug|Any CPU
		Release|Any CPU = Release|Any CPU
	EndGlobalSection
	GlobalSection(ProjectConfigurationPlatforms) = postSolution
		{824B1C79-BD19-4C8F-950A-ECF7BE6BC082}.Debug|Any CPU.ActiveCfg = Debug|Any CPU
		{824B1C79-BD19-4C8F-950A-ECF7BE6BC082}.Debug|Any CPU.Build.0 = Debug|Any CPU
		{824B1C79-BD19-4C8F-950A-ECF7BE6BC082}.Release|Any CPU.ActiveCfg = Release|Any CPU
		{824B1C79-BD19-4C8F-950A-ECF7BE6BC082}.Release|Any CPU.Build.0 = Release|Any CPU
	EndGlobalSection
	GlobalSection(SolutionProperties) = preSolution
		HideSolutionNode = FALSE
	EndGlobalSection
	GlobalSection(ExtensibilityGlobals) = postSolution
		SolutionGuid = {62A83027-CB67-4509-B43B-075248D65A5C}
	EndGlobalSection
EndGlobal
